
Microsoft Visual Studio Solution File, Format Version 12.00
# Visual Studio 2015
Project("{FAE04EC0-301F-11D3-BF4B-00C04F79EFBC}") = "FSM.CSharp", "FSM.CSharp.csproj", "{A642247E-F383-7BC8-CFC8-2A3CC8EFE7C1}"
EndProject
Global
	GlobalSection(SolutionConfigurationPlatforms) = preSolution
		Debug|Any CPU = Debug|Any CPU
		Release|Any CPU = Release|Any CPU
	EndGlobalSection
	GlobalSection(ProjectConfigurationPlatforms) = postSolution
		{A642247E-F383-7BC8-CFC8-2A3CC8EFE7C1}.Debug|Any CPU.ActiveCfg = Debug|Any CPU
		{A642247E-F383-7BC8-CFC8-2A3CC8EFE7C1}.Debug|Any CPU.Build.0 = Debug|Any CPU
		{A642247E-F383-7BC8-CFC8-2A3CC8EFE7C1}.Release|Any CPU.ActiveCfg = Release|Any CPU
		{A642247E-F383-7BC8-CFC8-2A3CC8EFE7C1}.Release|Any CPU.Build.0 = Release|Any CPU
	EndGlobalSection
	GlobalSection(SolutionProperties) = preSolution
		HideSolutionNode = FALSE
	EndGlobalSection
EndGlobal
